schema: '2.0'
stages:
  get_data:
    cmd: python scripts/data.py
    deps:
    - path: scripts/data.py
      hash: md5
      md5: d58d85140a93c9ee7277270f68892f34
      size: 1494
    params:
      params.yaml:
        index_col: customer_id
    outs:
    - path: data/initial_data.csv
      hash: md5
      md5: 6211712ab15484973615b4ddd9d68b31
      size: 822095
  fit_model:
    cmd: python scripts/fit.py
    deps:
    - path: data/initial_data.csv
      hash: md5
      md5: 6211712ab15484973615b4ddd9d68b31
      size: 822095
    - path: scripts/fit.py
      hash: md5
      md5: 8e2abf9c5fcfadf6d7917cd61d9cd796
      size: 1955
    params:
      params.yaml:
        auto_class_weights: Balanced
        index_col: customer_id
        one_hot_drop: if_binary
        target_col: target
    outs:
    - path: models/fitted_model.pkl
      hash: md5
      md5: 7fd89afae0c9276338bfd7fb0b9f4f69
      size: 1070911
  evaluate_model:
    cmd: python scripts/evaluate.py
    deps:
    - path: models/fitted_model.pkl
      hash: md5
      md5: 7fd89afae0c9276338bfd7fb0b9f4f69
      size: 1070911
    - path: scripts/evaluate.py
      hash: md5
      md5: 3c2290452def30a824088649fe520ccf
      size: 1398
    params:
      params.yaml:
        index_col: customer_id
        metrics:
        - f1
        - roc_auc
        n_jobs: -1
        n_splits: 5
        target_col: target
    outs:
    - path: cv_results/cv_res.json
      hash: md5
      md5: 010e11f79a3473bcb09c6b9c8e6b6170
      size: 77
